{
  "name": "week7-nodejs-master",
  "version": "1.0.0",
  "lockfileVersion": 3,
  "requires": true,
  "packages": {
    "": {
      "name": "week7-nodejs-master",
      "version": "1.0.0",
      "license": "ISC",
      "dependencies": {
        "week7-nodejs-master": "file:"
      }
    },
    "node_modules/week7-nodejs-master": {
      "resolved": "",
      "link": true
    }
  }
}
